// !$*UTF8*$!
{
	archiveVersion = 1;
	classes = {
	};
	objectVersion = 50;
	objects = {

/* Begin PBXBuildFile section */
		488B2F7D24B761CF004905AA /* AppDelegate.swift in Sources */ = {isa = PBXBuildFile; fileRef = 488B2F7C24B761CF004905AA /* AppDelegate.swift */; };
		488B2F8124B761CF004905AA /* ViewController.swift in Sources */ = {isa = PBXBuildFile; fileRef = 488B2F8024B761CF004905AA /* ViewController.swift */; };
		488B2F8424B761CF004905AA /* Main.storyboard in Resources */ = {isa = PBXBuildFile; fileRef = 488B2F8224B761CF004905AA /* Main.storyboard */; };
		488B2F8624B761D3004905AA /* Assets.xcassets in Resources */ = {isa = PBXBuildFile; fileRef = 488B2F8524B761D3004905AA /* Assets.xcassets */; };
		488B2F8924B761D3004905AA /* LaunchScreen.storyboard in Resources */ = {isa = PBXBuildFile; fileRef = 488B2F8724B761D3004905AA /* LaunchScreen.storyboard */; };
		488B2F9424B761D3004905AA /* RedditPostsTests.swift in Sources */ = {isa = PBXBuildFile; fileRef = 488B2F9324B761D3004905AA /* RedditPostsTests.swift */; };
		488B2FAC24B794FA004905AA /* Models.framework in Frameworks */ = {isa = PBXBuildFile; fileRef = 488B2FA324B794F9004905AA /* Models.framework */; };
		488B2FB324B794FA004905AA /* PostTests.swift in Sources */ = {isa = PBXBuildFile; fileRef = 488B2FB224B794FA004905AA /* PostTests.swift */; };
		488B2FB524B794FA004905AA /* Models.h in Headers */ = {isa = PBXBuildFile; fileRef = 488B2FA524B794FA004905AA /* Models.h */; settings = {ATTRIBUTES = (Public, ); }; };
		488B2FB824B794FA004905AA /* Models.framework in Frameworks */ = {isa = PBXBuildFile; fileRef = 488B2FA324B794F9004905AA /* Models.framework */; };
		488B2FB924B794FA004905AA /* Models.framework in Embed Frameworks */ = {isa = PBXBuildFile; fileRef = 488B2FA324B794F9004905AA /* Models.framework */; settings = {ATTRIBUTES = (CodeSignOnCopy, RemoveHeadersOnCopy, ); }; };
		488B2FCA24B7950F004905AA /* ModelsInterfaces.h in Headers */ = {isa = PBXBuildFile; fileRef = 488B2FC824B7950F004905AA /* ModelsInterfaces.h */; settings = {ATTRIBUTES = (Public, ); }; };
		488B2FCD24B7950F004905AA /* ModelsInterfaces.framework in Frameworks */ = {isa = PBXBuildFile; fileRef = 488B2FC624B7950F004905AA /* ModelsInterfaces.framework */; };
		488B2FCE24B7950F004905AA /* ModelsInterfaces.framework in Embed Frameworks */ = {isa = PBXBuildFile; fileRef = 488B2FC624B7950F004905AA /* ModelsInterfaces.framework */; settings = {ATTRIBUTES = (CodeSignOnCopy, RemoveHeadersOnCopy, ); }; };
		488B2FD324B795B3004905AA /* ModelsInterfaces.framework in Frameworks */ = {isa = PBXBuildFile; fileRef = 488B2FC624B7950F004905AA /* ModelsInterfaces.framework */; };
		488B2FD924B79654004905AA /* PostProtocol.swift in Sources */ = {isa = PBXBuildFile; fileRef = 488B2FD824B79654004905AA /* PostProtocol.swift */; };
		488B2FDB24B79677004905AA /* Post.swift in Sources */ = {isa = PBXBuildFile; fileRef = 488B2FDA24B79677004905AA /* Post.swift */; };
		488B2FE524B79C6E004905AA /* Services.h in Headers */ = {isa = PBXBuildFile; fileRef = 488B2FE324B79C6E004905AA /* Services.h */; settings = {ATTRIBUTES = (Public, ); }; };
		488B2FE824B79C6E004905AA /* Services.framework in Frameworks */ = {isa = PBXBuildFile; fileRef = 488B2FE124B79C6D004905AA /* Services.framework */; };
		488B2FE924B79C6E004905AA /* Services.framework in Embed Frameworks */ = {isa = PBXBuildFile; fileRef = 488B2FE124B79C6D004905AA /* Services.framework */; settings = {ATTRIBUTES = (CodeSignOnCopy, RemoveHeadersOnCopy, ); }; };
		488B2FF624B79C78004905AA /* ServicesInterfaces.h in Headers */ = {isa = PBXBuildFile; fileRef = 488B2FF424B79C78004905AA /* ServicesInterfaces.h */; settings = {ATTRIBUTES = (Public, ); }; };
		488B2FF924B79C78004905AA /* ServicesInterfaces.framework in Frameworks */ = {isa = PBXBuildFile; fileRef = 488B2FF224B79C78004905AA /* ServicesInterfaces.framework */; };
		488B2FFA24B79C78004905AA /* ServicesInterfaces.framework in Embed Frameworks */ = {isa = PBXBuildFile; fileRef = 488B2FF224B79C78004905AA /* ServicesInterfaces.framework */; settings = {ATTRIBUTES = (CodeSignOnCopy, RemoveHeadersOnCopy, ); }; };
		488B2FFF24B79CDA004905AA /* PostServiceProtocol.swift in Sources */ = {isa = PBXBuildFile; fileRef = 488B2FFE24B79CDA004905AA /* PostServiceProtocol.swift */; };
		488B300124B79D67004905AA /* PostsService.swift in Sources */ = {isa = PBXBuildFile; fileRef = 488B300024B79D67004905AA /* PostsService.swift */; };
		488B300324B7B7BC004905AA /* top.json in Resources */ = {isa = PBXBuildFile; fileRef = 488B300224B7B7BC004905AA /* top.json */; };
		488B300424B7BF8E004905AA /* ServicesInterfaces.framework in Frameworks */ = {isa = PBXBuildFile; fileRef = 488B2FF224B79C78004905AA /* ServicesInterfaces.framework */; };
		488B300524B7BF8E004905AA /* ServicesInterfaces.framework in Embed Frameworks */ = {isa = PBXBuildFile; fileRef = 488B2FF224B79C78004905AA /* ServicesInterfaces.framework */; settings = {ATTRIBUTES = (CodeSignOnCopy, RemoveHeadersOnCopy, ); }; };
		488B301024B7C0A5004905AA /* ServicesTests.swift in Sources */ = {isa = PBXBuildFile; fileRef = 488B300F24B7C0A5004905AA /* ServicesTests.swift */; };
		488B301224B7C0A5004905AA /* Services.framework in Frameworks */ = {isa = PBXBuildFile; fileRef = 488B2FE124B79C6D004905AA /* Services.framework */; };
/* End PBXBuildFile section */

/* Begin PBXContainerItemProxy section */
		488B2F9024B761D3004905AA /* PBXContainerItemProxy */ = {
			isa = PBXContainerItemProxy;
			containerPortal = 488B2F7124B761CF004905AA /* Project object */;
			proxyType = 1;
			remoteGlobalIDString = 488B2F7824B761CF004905AA;
			remoteInfo = RedditPosts;
		};
		488B2FAD24B794FA004905AA /* PBXContainerItemProxy */ = {
			isa = PBXContainerItemProxy;
			containerPortal = 488B2F7124B761CF004905AA /* Project object */;
			proxyType = 1;
			remoteGlobalIDString = 488B2FA224B794F9004905AA;
			remoteInfo = Models;
		};
		488B2FAF24B794FA004905AA /* PBXContainerItemProxy */ = {
			isa = PBXContainerItemProxy;
			containerPortal = 488B2F7124B761CF004905AA /* Project object */;
			proxyType = 1;
			remoteGlobalIDString = 488B2F7824B761CF004905AA;
			remoteInfo = RedditPosts;
		};
		488B2FB624B794FA004905AA /* PBXContainerItemProxy */ = {
			isa = PBXContainerItemProxy;
			containerPortal = 488B2F7124B761CF004905AA /* Project object */;
			proxyType = 1;
			remoteGlobalIDString = 488B2FA224B794F9004905AA;
			remoteInfo = Models;
		};
		488B2FCB24B7950F004905AA /* PBXContainerItemProxy */ = {
			isa = PBXContainerItemProxy;
			containerPortal = 488B2F7124B761CF004905AA /* Project object */;
			proxyType = 1;
			remoteGlobalIDString = 488B2FC524B7950F004905AA;
			remoteInfo = ModelsInterfaces;
		};
		488B2FD524B795B3004905AA /* PBXContainerItemProxy */ = {
			isa = PBXContainerItemProxy;
			containerPortal = 488B2F7124B761CF004905AA /* Project object */;
			proxyType = 1;
			remoteGlobalIDString = 488B2FC524B7950F004905AA;
			remoteInfo = ModelsInterfaces;
		};
		488B2FE624B79C6E004905AA /* PBXContainerItemProxy */ = {
			isa = PBXContainerItemProxy;
			containerPortal = 488B2F7124B761CF004905AA /* Project object */;
			proxyType = 1;
			remoteGlobalIDString = 488B2FE024B79C6D004905AA;
			remoteInfo = Services;
		};
		488B2FF724B79C78004905AA /* PBXContainerItemProxy */ = {
			isa = PBXContainerItemProxy;
			containerPortal = 488B2F7124B761CF004905AA /* Project object */;
			proxyType = 1;
			remoteGlobalIDString = 488B2FF124B79C78004905AA;
			remoteInfo = ServicesInterfaces;
		};
		488B300624B7BF8E004905AA /* PBXContainerItemProxy */ = {
			isa = PBXContainerItemProxy;
			containerPortal = 488B2F7124B761CF004905AA /* Project object */;
			proxyType = 1;
			remoteGlobalIDString = 488B2FF124B79C78004905AA;
			remoteInfo = ServicesInterfaces;
		};
		488B301324B7C0A5004905AA /* PBXContainerItemProxy */ = {
			isa = PBXContainerItemProxy;
			containerPortal = 488B2F7124B761CF004905AA /* Project object */;
			proxyType = 1;
			remoteGlobalIDString = 488B2FE024B79C6D004905AA;
			remoteInfo = Services;
		};
/* End PBXContainerItemProxy section */

/* Begin PBXCopyFilesBuildPhase section */
		488B2FBD24B794FA004905AA /* Embed Frameworks */ = {
			isa = PBXCopyFilesBuildPhase;
			buildActionMask = 2147483647;
			dstPath = "";
			dstSubfolderSpec = 10;
			files = (
				488B2FFA24B79C78004905AA /* ServicesInterfaces.framework in Embed Frameworks */,
				488B2FCE24B7950F004905AA /* ModelsInterfaces.framework in Embed Frameworks */,
				488B2FE924B79C6E004905AA /* Services.framework in Embed Frameworks */,
				488B2FB924B794FA004905AA /* Models.framework in Embed Frameworks */,
			);
			name = "Embed Frameworks";
			runOnlyForDeploymentPostprocessing = 0;
		};
		488B300824B7BF8E004905AA /* Embed Frameworks */ = {
			isa = PBXCopyFilesBuildPhase;
			buildActionMask = 2147483647;
			dstPath = "";
			dstSubfolderSpec = 10;
			files = (
				488B300524B7BF8E004905AA /* ServicesInterfaces.framework in Embed Frameworks */,
			);
			name = "Embed Frameworks";
			runOnlyForDeploymentPostprocessing = 0;
		};
/* End PBXCopyFilesBuildPhase section */

/* Begin PBXFileReference section */
		488B2F7924B761CF004905AA /* RedditPosts.app */ = {isa = PBXFileReference; explicitFileType = wrapper.application; includeInIndex = 0; path = RedditPosts.app; sourceTree = BUILT_PRODUCTS_DIR; };
		488B2F7C24B761CF004905AA /* AppDelegate.swift */ = {isa = PBXFileReference; lastKnownFileType = sourcecode.swift; path = AppDelegate.swift; sourceTree = "<group>"; };
		488B2F8024B761CF004905AA /* ViewController.swift */ = {isa = PBXFileReference; lastKnownFileType = sourcecode.swift; path = ViewController.swift; sourceTree = "<group>"; };
		488B2F8324B761CF004905AA /* Base */ = {isa = PBXFileReference; lastKnownFileType = file.storyboard; name = Base; path = Base.lproj/Main.storyboard; sourceTree = "<group>"; };
		488B2F8524B761D3004905AA /* Assets.xcassets */ = {isa = PBXFileReference; lastKnownFileType = folder.assetcatalog; path = Assets.xcassets; sourceTree = "<group>"; };
		488B2F8824B761D3004905AA /* Base */ = {isa = PBXFileReference; lastKnownFileType = file.storyboard; name = Base; path = Base.lproj/LaunchScreen.storyboard; sourceTree = "<group>"; };
		488B2F8A24B761D3004905AA /* Info.plist */ = {isa = PBXFileReference; lastKnownFileType = text.plist.xml; path = Info.plist; sourceTree = "<group>"; };
		488B2F8F24B761D3004905AA /* RedditPostsTests.xctest */ = {isa = PBXFileReference; explicitFileType = wrapper.cfbundle; includeInIndex = 0; path = RedditPostsTests.xctest; sourceTree = BUILT_PRODUCTS_DIR; };
		488B2F9324B761D3004905AA /* RedditPostsTests.swift */ = {isa = PBXFileReference; lastKnownFileType = sourcecode.swift; path = RedditPostsTests.swift; sourceTree = "<group>"; };
		488B2F9524B761D3004905AA /* Info.plist */ = {isa = PBXFileReference; lastKnownFileType = text.plist.xml; path = Info.plist; sourceTree = "<group>"; };
		488B2FA324B794F9004905AA /* Models.framework */ = {isa = PBXFileReference; explicitFileType = wrapper.framework; includeInIndex = 0; path = Models.framework; sourceTree = BUILT_PRODUCTS_DIR; };
		488B2FA524B794FA004905AA /* Models.h */ = {isa = PBXFileReference; lastKnownFileType = sourcecode.c.h; path = Models.h; sourceTree = "<group>"; };
		488B2FA624B794FA004905AA /* Info.plist */ = {isa = PBXFileReference; lastKnownFileType = text.plist.xml; path = Info.plist; sourceTree = "<group>"; };
		488B2FAB24B794FA004905AA /* ModelsTests.xctest */ = {isa = PBXFileReference; explicitFileType = wrapper.cfbundle; includeInIndex = 0; path = ModelsTests.xctest; sourceTree = BUILT_PRODUCTS_DIR; };
		488B2FB224B794FA004905AA /* PostTests.swift */ = {isa = PBXFileReference; lastKnownFileType = sourcecode.swift; path = PostTests.swift; sourceTree = "<group>"; };
		488B2FB424B794FA004905AA /* Info.plist */ = {isa = PBXFileReference; lastKnownFileType = text.plist.xml; path = Info.plist; sourceTree = "<group>"; };
		488B2FC624B7950F004905AA /* ModelsInterfaces.framework */ = {isa = PBXFileReference; explicitFileType = wrapper.framework; includeInIndex = 0; path = ModelsInterfaces.framework; sourceTree = BUILT_PRODUCTS_DIR; };
		488B2FC824B7950F004905AA /* ModelsInterfaces.h */ = {isa = PBXFileReference; lastKnownFileType = sourcecode.c.h; path = ModelsInterfaces.h; sourceTree = "<group>"; };
		488B2FC924B7950F004905AA /* Info.plist */ = {isa = PBXFileReference; lastKnownFileType = text.plist.xml; path = Info.plist; sourceTree = "<group>"; };
		488B2FD824B79654004905AA /* PostProtocol.swift */ = {isa = PBXFileReference; lastKnownFileType = sourcecode.swift; path = PostProtocol.swift; sourceTree = "<group>"; };
		488B2FDA24B79677004905AA /* Post.swift */ = {isa = PBXFileReference; lastKnownFileType = sourcecode.swift; path = Post.swift; sourceTree = "<group>"; };
		488B2FE124B79C6D004905AA /* Services.framework */ = {isa = PBXFileReference; explicitFileType = wrapper.framework; includeInIndex = 0; path = Services.framework; sourceTree = BUILT_PRODUCTS_DIR; };
		488B2FE324B79C6E004905AA /* Services.h */ = {isa = PBXFileReference; lastKnownFileType = sourcecode.c.h; path = Services.h; sourceTree = "<group>"; };
		488B2FE424B79C6E004905AA /* Info.plist */ = {isa = PBXFileReference; lastKnownFileType = text.plist.xml; path = Info.plist; sourceTree = "<group>"; };
		488B2FF224B79C78004905AA /* ServicesInterfaces.framework */ = {isa = PBXFileReference; explicitFileType = wrapper.framework; includeInIndex = 0; path = ServicesInterfaces.framework; sourceTree = BUILT_PRODUCTS_DIR; };
		488B2FF424B79C78004905AA /* ServicesInterfaces.h */ = {isa = PBXFileReference; lastKnownFileType = sourcecode.c.h; path = ServicesInterfaces.h; sourceTree = "<group>"; };
		488B2FF524B79C78004905AA /* Info.plist */ = {isa = PBXFileReference; lastKnownFileType = text.plist.xml; path = Info.plist; sourceTree = "<group>"; };
		488B2FFE24B79CDA004905AA /* PostServiceProtocol.swift */ = {isa = PBXFileReference; lastKnownFileType = sourcecode.swift; path = PostServiceProtocol.swift; sourceTree = "<group>"; };
		488B300024B79D67004905AA /* PostsService.swift */ = {isa = PBXFileReference; lastKnownFileType = sourcecode.swift; path = PostsService.swift; sourceTree = "<group>"; };
		488B300224B7B7BC004905AA /* top.json */ = {isa = PBXFileReference; fileEncoding = 4; lastKnownFileType = text.json; path = top.json; sourceTree = "<group>"; };
		488B300D24B7C0A5004905AA /* ServicesTests.xctest */ = {isa = PBXFileReference; explicitFileType = wrapper.cfbundle; includeInIndex = 0; path = ServicesTests.xctest; sourceTree = BUILT_PRODUCTS_DIR; };
		488B300F24B7C0A5004905AA /* ServicesTests.swift */ = {isa = PBXFileReference; lastKnownFileType = sourcecode.swift; path = ServicesTests.swift; sourceTree = "<group>"; };
		488B301124B7C0A5004905AA /* Info.plist */ = {isa = PBXFileReference; lastKnownFileType = text.plist.xml; path = Info.plist; sourceTree = "<group>"; };
/* End PBXFileReference section */

/* Begin PBXFrameworksBuildPhase section */
		488B2F7624B761CF004905AA /* Frameworks */ = {
			isa = PBXFrameworksBuildPhase;
			buildActionMask = 2147483647;
			files = (
				488B2FF924B79C78004905AA /* ServicesInterfaces.framework in Frameworks */,
				488B2FCD24B7950F004905AA /* ModelsInterfaces.framework in Frameworks */,
				488B2FE824B79C6E004905AA /* Services.framework in Frameworks */,
				488B2FB824B794FA004905AA /* Models.framework in Frameworks */,
			);
			runOnlyForDeploymentPostprocessing = 0;
		};
		488B2F8C24B761D3004905AA /* Frameworks */ = {
			isa = PBXFrameworksBuildPhase;
			buildActionMask = 2147483647;
			files = (
			);
			runOnlyForDeploymentPostprocessing = 0;
		};
		488B2FA024B794F9004905AA /* Frameworks */ = {
			isa = PBXFrameworksBuildPhase;
			buildActionMask = 2147483647;
			files = (
				488B2FD324B795B3004905AA /* ModelsInterfaces.framework in Frameworks */,
			);
			runOnlyForDeploymentPostprocessing = 0;
		};
		488B2FA824B794FA004905AA /* Frameworks */ = {
			isa = PBXFrameworksBuildPhase;
			buildActionMask = 2147483647;
			files = (
				488B2FAC24B794FA004905AA /* Models.framework in Frameworks */,
			);
			runOnlyForDeploymentPostprocessing = 0;
		};
		488B2FC324B7950F004905AA /* Frameworks */ = {
			isa = PBXFrameworksBuildPhase;
			buildActionMask = 2147483647;
			files = (
			);
			runOnlyForDeploymentPostprocessing = 0;
		};
		488B2FDE24B79C6D004905AA /* Frameworks */ = {
			isa = PBXFrameworksBuildPhase;
			buildActionMask = 2147483647;
			files = (
				488B300424B7BF8E004905AA /* ServicesInterfaces.framework in Frameworks */,
			);
			runOnlyForDeploymentPostprocessing = 0;
		};
		488B2FEF24B79C78004905AA /* Frameworks */ = {
			isa = PBXFrameworksBuildPhase;
			buildActionMask = 2147483647;
			files = (
			);
			runOnlyForDeploymentPostprocessing = 0;
		};
		488B300A24B7C0A5004905AA /* Frameworks */ = {
			isa = PBXFrameworksBuildPhase;
			buildActionMask = 2147483647;
			files = (
				488B301224B7C0A5004905AA /* Services.framework in Frameworks */,
			);
			runOnlyForDeploymentPostprocessing = 0;
		};
/* End PBXFrameworksBuildPhase section */

/* Begin PBXGroup section */
		488B2F7024B761CF004905AA = {
			isa = PBXGroup;
			children = (
				488B300224B7B7BC004905AA /* top.json */,
				488B2F7B24B761CF004905AA /* RedditPosts */,
				488B2F9224B761D3004905AA /* RedditPostsTests */,
				488B2FA424B794FA004905AA /* Models */,
				488B2FB124B794FA004905AA /* ModelsTests */,
				488B2FC724B7950F004905AA /* ModelsInterfaces */,
				488B2FE224B79C6E004905AA /* Services */,
				488B2FF324B79C78004905AA /* ServicesInterfaces */,
				488B300E24B7C0A5004905AA /* ServicesTests */,
				488B2F7A24B761CF004905AA /* Products */,
				488B2FD224B795B3004905AA /* Frameworks */,
			);
			sourceTree = "<group>";
		};
		488B2F7A24B761CF004905AA /* Products */ = {
			isa = PBXGroup;
			children = (
				488B2F7924B761CF004905AA /* RedditPosts.app */,
				488B2F8F24B761D3004905AA /* RedditPostsTests.xctest */,
				488B2FA324B794F9004905AA /* Models.framework */,
				488B2FAB24B794FA004905AA /* ModelsTests.xctest */,
				488B2FC624B7950F004905AA /* ModelsInterfaces.framework */,
				488B2FE124B79C6D004905AA /* Services.framework */,
				488B2FF224B79C78004905AA /* ServicesInterfaces.framework */,
				488B300D24B7C0A5004905AA /* ServicesTests.xctest */,
			);
			name = Products;
			sourceTree = "<group>";
		};
		488B2F7B24B761CF004905AA /* RedditPosts */ = {
			isa = PBXGroup;
			children = (
				488B2F7C24B761CF004905AA /* AppDelegate.swift */,
				488B2F8024B761CF004905AA /* ViewController.swift */,
				488B2F8224B761CF004905AA /* Main.storyboard */,
				488B2F8524B761D3004905AA /* Assets.xcassets */,
				488B2F8724B761D3004905AA /* LaunchScreen.storyboard */,
				488B2F8A24B761D3004905AA /* Info.plist */,
			);
			path = RedditPosts;
			sourceTree = "<group>";
		};
		488B2F9224B761D3004905AA /* RedditPostsTests */ = {
			isa = PBXGroup;
			children = (
				488B2F9324B761D3004905AA /* RedditPostsTests.swift */,
				488B2F9524B761D3004905AA /* Info.plist */,
			);
			path = RedditPostsTests;
			sourceTree = "<group>";
		};
		488B2FA424B794FA004905AA /* Models */ = {
			isa = PBXGroup;
			children = (
				488B2FA524B794FA004905AA /* Models.h */,
				488B2FA624B794FA004905AA /* Info.plist */,
				488B2FDA24B79677004905AA /* Post.swift */,
			);
			path = Models;
			sourceTree = "<group>";
		};
		488B2FB124B794FA004905AA /* ModelsTests */ = {
			isa = PBXGroup;
			children = (
				488B2FB224B794FA004905AA /* PostTests.swift */,
				488B2FB424B794FA004905AA /* Info.plist */,
			);
			path = ModelsTests;
			sourceTree = "<group>";
		};
		488B2FC724B7950F004905AA /* ModelsInterfaces */ = {
			isa = PBXGroup;
			children = (
				488B2FC824B7950F004905AA /* ModelsInterfaces.h */,
				488B2FC924B7950F004905AA /* Info.plist */,
				488B2FD824B79654004905AA /* PostProtocol.swift */,
			);
			path = ModelsInterfaces;
			sourceTree = "<group>";
		};
		488B2FD224B795B3004905AA /* Frameworks */ = {
			isa = PBXGroup;
			children = (
			);
			name = Frameworks;
			sourceTree = "<group>";
		};
		488B2FE224B79C6E004905AA /* Services */ = {
			isa = PBXGroup;
			children = (
				488B2FE324B79C6E004905AA /* Services.h */,
				488B2FE424B79C6E004905AA /* Info.plist */,
				488B300024B79D67004905AA /* PostsService.swift */,
			);
			path = Services;
			sourceTree = "<group>";
		};
		488B2FF324B79C78004905AA /* ServicesInterfaces */ = {
			isa = PBXGroup;
			children = (
				488B2FF424B79C78004905AA /* ServicesInterfaces.h */,
				488B2FF524B79C78004905AA /* Info.plist */,
				488B2FFE24B79CDA004905AA /* PostServiceProtocol.swift */,
			);
			path = ServicesInterfaces;
			sourceTree = "<group>";
		};
		488B300E24B7C0A5004905AA /* ServicesTests */ = {
			isa = PBXGroup;
			children = (
				488B300F24B7C0A5004905AA /* ServicesTests.swift */,
				488B301124B7C0A5004905AA /* Info.plist */,
			);
			path = ServicesTests;
			sourceTree = "<group>";
		};
/* End PBXGroup section */

/* Begin PBXHeadersBuildPhase section */
		488B2F9E24B794F9004905AA /* Headers */ = {
			isa = PBXHeadersBuildPhase;
			buildActionMask = 2147483647;
			files = (
				488B2FB524B794FA004905AA /* Models.h in Headers */,
			);
			runOnlyForDeploymentPostprocessing = 0;
		};
		488B2FC124B7950F004905AA /* Headers */ = {
			isa = PBXHeadersBuildPhase;
			buildActionMask = 2147483647;
			files = (
				488B2FCA24B7950F004905AA /* ModelsInterfaces.h in Headers */,
			);
			runOnlyForDeploymentPostprocessing = 0;
		};
		488B2FDC24B79C6D004905AA /* Headers */ = {
			isa = PBXHeadersBuildPhase;
			buildActionMask = 2147483647;
			files = (
				488B2FE524B79C6E004905AA /* Services.h in Headers */,
			);
			runOnlyForDeploymentPostprocessing = 0;
		};
		488B2FED24B79C78004905AA /* Headers */ = {
			isa = PBXHeadersBuildPhase;
			buildActionMask = 2147483647;
			files = (
				488B2FF624B79C78004905AA /* ServicesInterfaces.h in Headers */,
			);
			runOnlyForDeploymentPostprocessing = 0;
		};
/* End PBXHeadersBuildPhase section */

/* Begin PBXNativeTarget section */
		488B2F7824B761CF004905AA /* RedditPosts */ = {
			isa = PBXNativeTarget;
			buildConfigurationList = 488B2F9824B761D3004905AA /* Build configuration list for PBXNativeTarget "RedditPosts" */;
			buildPhases = (
				488B2F7524B761CF004905AA /* Sources */,
				488B2F7624B761CF004905AA /* Frameworks */,
				488B2F7724B761CF004905AA /* Resources */,
				488B2FBD24B794FA004905AA /* Embed Frameworks */,
			);
			buildRules = (
			);
			dependencies = (
				488B2FB724B794FA004905AA /* PBXTargetDependency */,
				488B2FCC24B7950F004905AA /* PBXTargetDependency */,
				488B2FE724B79C6E004905AA /* PBXTargetDependency */,
				488B2FF824B79C78004905AA /* PBXTargetDependency */,
			);
			name = RedditPosts;
			productName = RedditPosts;
			productReference = 488B2F7924B761CF004905AA /* RedditPosts.app */;
			productType = "com.apple.product-type.application";
		};
		488B2F8E24B761D3004905AA /* RedditPostsTests */ = {
			isa = PBXNativeTarget;
			buildConfigurationList = 488B2F9B24B761D3004905AA /* Build configuration list for PBXNativeTarget "RedditPostsTests" */;
			buildPhases = (
				488B2F8B24B761D3004905AA /* Sources */,
				488B2F8C24B761D3004905AA /* Frameworks */,
				488B2F8D24B761D3004905AA /* Resources */,
			);
			buildRules = (
			);
			dependencies = (
				488B2F9124B761D3004905AA /* PBXTargetDependency */,
			);
			name = RedditPostsTests;
			productName = RedditPostsTests;
			productReference = 488B2F8F24B761D3004905AA /* RedditPostsTests.xctest */;
			productType = "com.apple.product-type.bundle.unit-test";
		};
		488B2FA224B794F9004905AA /* Models */ = {
			isa = PBXNativeTarget;
			buildConfigurationList = 488B2FBA24B794FA004905AA /* Build configuration list for PBXNativeTarget "Models" */;
			buildPhases = (
				488B2F9E24B794F9004905AA /* Headers */,
				488B2F9F24B794F9004905AA /* Sources */,
				488B2FA024B794F9004905AA /* Frameworks */,
				488B2FA124B794F9004905AA /* Resources */,
			);
			buildRules = (
			);
			dependencies = (
				488B2FD624B795B3004905AA /* PBXTargetDependency */,
			);
			name = Models;
			productName = Models;
			productReference = 488B2FA324B794F9004905AA /* Models.framework */;
			productType = "com.apple.product-type.framework";
		};
		488B2FAA24B794FA004905AA /* ModelsTests */ = {
			isa = PBXNativeTarget;
			buildConfigurationList = 488B2FBE24B794FA004905AA /* Build configuration list for PBXNativeTarget "ModelsTests" */;
			buildPhases = (
				488B2FA724B794FA004905AA /* Sources */,
				488B2FA824B794FA004905AA /* Frameworks */,
				488B2FA924B794FA004905AA /* Resources */,
			);
			buildRules = (
			);
			dependencies = (
				488B2FAE24B794FA004905AA /* PBXTargetDependency */,
				488B2FB024B794FA004905AA /* PBXTargetDependency */,
			);
			name = ModelsTests;
			productName = ModelsTests;
			productReference = 488B2FAB24B794FA004905AA /* ModelsTests.xctest */;
			productType = "com.apple.product-type.bundle.unit-test";
		};
		488B2FC524B7950F004905AA /* ModelsInterfaces */ = {
			isa = PBXNativeTarget;
			buildConfigurationList = 488B2FCF24B7950F004905AA /* Build configuration list for PBXNativeTarget "ModelsInterfaces" */;
			buildPhases = (
				488B2FC124B7950F004905AA /* Headers */,
				488B2FC224B7950F004905AA /* Sources */,
				488B2FC324B7950F004905AA /* Frameworks */,
				488B2FC424B7950F004905AA /* Resources */,
			);
			buildRules = (
			);
			dependencies = (
			);
			name = ModelsInterfaces;
			productName = ModelsInterfaces;
			productReference = 488B2FC624B7950F004905AA /* ModelsInterfaces.framework */;
			productType = "com.apple.product-type.framework";
		};
		488B2FE024B79C6D004905AA /* Services */ = {
			isa = PBXNativeTarget;
			buildConfigurationList = 488B2FEA24B79C6E004905AA /* Build configuration list for PBXNativeTarget "Services" */;
			buildPhases = (
				488B2FDC24B79C6D004905AA /* Headers */,
				488B2FDD24B79C6D004905AA /* Sources */,
				488B2FDE24B79C6D004905AA /* Frameworks */,
				488B2FDF24B79C6D004905AA /* Resources */,
				488B300824B7BF8E004905AA /* Embed Frameworks */,
			);
			buildRules = (
			);
			dependencies = (
				488B300724B7BF8E004905AA /* PBXTargetDependency */,
			);
			name = Services;
			productName = Services;
			productReference = 488B2FE124B79C6D004905AA /* Services.framework */;
			productType = "com.apple.product-type.framework";
		};
		488B2FF124B79C78004905AA /* ServicesInterfaces */ = {
			isa = PBXNativeTarget;
			buildConfigurationList = 488B2FFB24B79C78004905AA /* Build configuration list for PBXNativeTarget "ServicesInterfaces" */;
			buildPhases = (
				488B2FED24B79C78004905AA /* Headers */,
				488B2FEE24B79C78004905AA /* Sources */,
				488B2FEF24B79C78004905AA /* Frameworks */,
				488B2FF024B79C78004905AA /* Resources */,
			);
			buildRules = (
			);
			dependencies = (
			);
			name = ServicesInterfaces;
			productName = ServicesInterfaces;
			productReference = 488B2FF224B79C78004905AA /* ServicesInterfaces.framework */;
			productType = "com.apple.product-type.framework";
		};
		488B300C24B7C0A5004905AA /* ServicesTests */ = {
			isa = PBXNativeTarget;
			buildConfigurationList = 488B301524B7C0A5004905AA /* Build configuration list for PBXNativeTarget "ServicesTests" */;
			buildPhases = (
				488B300924B7C0A5004905AA /* Sources */,
				488B300A24B7C0A5004905AA /* Frameworks */,
				488B300B24B7C0A5004905AA /* Resources */,
			);
			buildRules = (
			);
			dependencies = (
				488B301424B7C0A5004905AA /* PBXTargetDependency */,
			);
			name = ServicesTests;
			productName = ServicesTests;
			productReference = 488B300D24B7C0A5004905AA /* ServicesTests.xctest */;
			productType = "com.apple.product-type.bundle.unit-test";
		};
/* End PBXNativeTarget section */

/* Begin PBXProject section */
		488B2F7124B761CF004905AA /* Project object */ = {
			isa = PBXProject;
			attributes = {
				LastSwiftUpdateCheck = 1150;
				LastUpgradeCheck = 1150;
				ORGANIZATIONNAME = "Miguel Moldes";
				TargetAttributes = {
					488B2F7824B761CF004905AA = {
						CreatedOnToolsVersion = 11.5;
					};
					488B2F8E24B761D3004905AA = {
						CreatedOnToolsVersion = 11.5;
						TestTargetID = 488B2F7824B761CF004905AA;
					};
					488B2FA224B794F9004905AA = {
						CreatedOnToolsVersion = 11.5;
						LastSwiftMigration = 1150;
					};
					488B2FAA24B794FA004905AA = {
						CreatedOnToolsVersion = 11.5;
						TestTargetID = 488B2F7824B761CF004905AA;
					};
					488B2FC524B7950F004905AA = {
						CreatedOnToolsVersion = 11.5;
						LastSwiftMigration = 1150;
					};
					488B2FE024B79C6D004905AA = {
						CreatedOnToolsVersion = 11.5;
						LastSwiftMigration = 1150;
					};
					488B2FF124B79C78004905AA = {
						CreatedOnToolsVersion = 11.5;
						LastSwiftMigration = 1150;
					};
					488B300C24B7C0A5004905AA = {
						CreatedOnToolsVersion = 11.5;
					};
				};
			};
			buildConfigurationList = 488B2F7424B761CF004905AA /* Build configuration list for PBXProject "RedditPosts" */;
			compatibilityVersion = "Xcode 9.3";
			developmentRegion = en;
			hasScannedForEncodings = 0;
			knownRegions = (
				en,
				Base,
			);
			mainGroup = 488B2F7024B761CF004905AA;
			productRefGroup = 488B2F7A24B761CF004905AA /* Products */;
			projectDirPath = "";
			projectRoot = "";
			targets = (
				488B2F7824B761CF004905AA /* RedditPosts */,
				488B2F8E24B761D3004905AA /* RedditPostsTests */,
				488B2FA224B794F9004905AA /* Models */,
				488B2FAA24B794FA004905AA /* ModelsTests */,
				488B2FC524B7950F004905AA /* ModelsInterfaces */,
				488B2FE024B79C6D004905AA /* Services */,
				488B2FF124B79C78004905AA /* ServicesInterfaces */,
				488B300C24B7C0A5004905AA /* ServicesTests */,
			);
		};
/* End PBXProject section */

/* Begin PBXResourcesBuildPhase section */
		488B2F7724B761CF004905AA /* Resources */ = {
			isa = PBXResourcesBuildPhase;
			buildActionMask = 2147483647;
			files = (
				488B2F8924B761D3004905AA /* LaunchScreen.storyboard in Resources */,
				488B2F8624B761D3004905AA /* Assets.xcassets in Resources */,
				488B2F8424B761CF004905AA /* Main.storyboard in Resources */,
			);
			runOnlyForDeploymentPostprocessing = 0;
		};
		488B2F8D24B761D3004905AA /* Resources */ = {
			isa = PBXResourcesBuildPhase;
			buildActionMask = 2147483647;
			files = (
			);
			runOnlyForDeploymentPostprocessing = 0;
		};
		488B2FA124B794F9004905AA /* Resources */ = {
			isa = PBXResourcesBuildPhase;
			buildActionMask = 2147483647;
			files = (
			);
			runOnlyForDeploymentPostprocessing = 0;
		};
		488B2FA924B794FA004905AA /* Resources */ = {
			isa = PBXResourcesBuildPhase;
			buildActionMask = 2147483647;
			files = (
			);
			runOnlyForDeploymentPostprocessing = 0;
		};
		488B2FC424B7950F004905AA /* Resources */ = {
			isa = PBXResourcesBuildPhase;
			buildActionMask = 2147483647;
			files = (
			);
			runOnlyForDeploymentPostprocessing = 0;
		};
		488B2FDF24B79C6D004905AA /* Resources */ = {
			isa = PBXResourcesBuildPhase;
			buildActionMask = 2147483647;
			files = (
				488B300324B7B7BC004905AA /* top.json in Resources */,
			);
			runOnlyForDeploymentPostprocessing = 0;
		};
		488B2FF024B79C78004905AA /* Resources */ = {
			isa = PBXResourcesBuildPhase;
			buildActionMask = 2147483647;
			files = (
			);
			runOnlyForDeploymentPostprocessing = 0;
		};
		488B300B24B7C0A5004905AA /* Resources */ = {
			isa = PBXResourcesBuildPhase;
			buildActionMask = 2147483647;
			files = (
			);
			runOnlyForDeploymentPostprocessing = 0;
		};
/* End PBXResourcesBuildPhase section */

/* Begin PBXSourcesBuildPhase section */
		488B2F7524B761CF004905AA /* Sources */ = {
			isa = PBXSourcesBuildPhase;
			buildActionMask = 2147483647;
			files = (
				488B2F8124B761CF004905AA /* ViewController.swift in Sources */,
				488B2F7D24B761CF004905AA /* AppDelegate.swift in Sources */,
			);
			runOnlyForDeploymentPostprocessing = 0;
		};
		488B2F8B24B761D3004905AA /* Sources */ = {
			isa = PBXSourcesBuildPhase;
			buildActionMask = 2147483647;
			files = (
				488B2F9424B761D3004905AA /* RedditPostsTests.swift in Sources */,
			);
			runOnlyForDeploymentPostprocessing = 0;
		};
		488B2F9F24B794F9004905AA /* Sources */ = {
			isa = PBXSourcesBuildPhase;
			buildActionMask = 2147483647;
			files = (
				488B2FDB24B79677004905AA /* Post.swift in Sources */,
			);
			runOnlyForDeploymentPostprocessing = 0;
		};
		488B2FA724B794FA004905AA /* Sources */ = {
			isa = PBXSourcesBuildPhase;
			buildActionMask = 2147483647;
			files = (
				488B2FB324B794FA004905AA /* PostTests.swift in Sources */,
			);
			runOnlyForDeploymentPostprocessing = 0;
		};
		488B2FC224B7950F004905AA /* Sources */ = {
			isa = PBXSourcesBuildPhase;
			buildActionMask = 2147483647;
			files = (
				488B2FD924B79654004905AA /* PostProtocol.swift in Sources */,
			);
			runOnlyForDeploymentPostprocessing = 0;
		};
		488B2FDD24B79C6D004905AA /* Sources */ = {
			isa = PBXSourcesBuildPhase;
			buildActionMask = 2147483647;
			files = (
				488B300124B79D67004905AA /* PostsService.swift in Sources */,
			);
			runOnlyForDeploymentPostprocessing = 0;
		};
		488B2FEE24B79C78004905AA /* Sources */ = {
			isa = PBXSourcesBuildPhase;
			buildActionMask = 2147483647;
			files = (
				488B2FFF24B79CDA004905AA /* PostServiceProtocol.swift in Sources */,
			);
			runOnlyForDeploymentPostprocessing = 0;
		};
		488B300924B7C0A5004905AA /* Sources */ = {
			isa = PBXSourcesBuildPhase;
			buildActionMask = 2147483647;
			files = (
				488B301024B7C0A5004905AA /* ServicesTests.swift in Sources */,
			);
			runOnlyForDeploymentPostprocessing = 0;
		};
/* End PBXSourcesBuildPhase section */

/* Begin PBXTargetDependency section */
		488B2F9124B761D3004905AA /* PBXTargetDependency */ = {
			isa = PBXTargetDependency;
			target = 488B2F7824B761CF004905AA /* RedditPosts */;
			targetProxy = 488B2F9024B761D3004905AA /* PBXContainerItemProxy */;
		};
		488B2FAE24B794FA004905AA /* PBXTargetDependency */ = {
			isa = PBXTargetDependency;
			target = 488B2FA224B794F9004905AA /* Models */;
			targetProxy = 488B2FAD24B794FA004905AA /* PBXContainerItemProxy */;
		};
		488B2FB024B794FA004905AA /* PBXTargetDependency */ = {
			isa = PBXTargetDependency;
			target = 488B2F7824B761CF004905AA /* RedditPosts */;
			targetProxy = 488B2FAF24B794FA004905AA /* PBXContainerItemProxy */;
		};
		488B2FB724B794FA004905AA /* PBXTargetDependency */ = {
			isa = PBXTargetDependency;
			target = 488B2FA224B794F9004905AA /* Models */;
			targetProxy = 488B2FB624B794FA004905AA /* PBXContainerItemProxy */;
		};
		488B2FCC24B7950F004905AA /* PBXTargetDependency */ = {
			isa = PBXTargetDependency;
			target = 488B2FC524B7950F004905AA /* ModelsInterfaces */;
			targetProxy = 488B2FCB24B7950F004905AA /* PBXContainerItemProxy */;
		};
		488B2FD624B795B3004905AA /* PBXTargetDependency */ = {
			isa = PBXTargetDependency;
			target = 488B2FC524B7950F004905AA /* ModelsInterfaces */;
			targetProxy = 488B2FD524B795B3004905AA /* PBXContainerItemProxy */;
		};
		488B2FE724B79C6E004905AA /* PBXTargetDependency */ = {
			isa = PBXTargetDependency;
			target = 488B2FE024B79C6D004905AA /* Services */;
			targetProxy = 488B2FE624B79C6E004905AA /* PBXContainerItemProxy */;
		};
		488B2FF824B79C78004905AA /* PBXTargetDependency */ = {
			isa = PBXTargetDependency;
			target = 488B2FF124B79C78004905AA /* ServicesInterfaces */;
			targetProxy = 488B2FF724B79C78004905AA /* PBXContainerItemProxy */;
		};
		488B300724B7BF8E004905AA /* PBXTargetDependency */ = {
			isa = PBXTargetDependency;
			target = 488B2FF124B79C78004905AA /* ServicesInterfaces */;
			targetProxy = 488B300624B7BF8E004905AA /* PBXContainerItemProxy */;
		};
		488B301424B7C0A5004905AA /* PBXTargetDependency */ = {
			isa = PBXTargetDependency;
			target = 488B2FE024B79C6D004905AA /* Services */;
			targetProxy = 488B301324B7C0A5004905AA /* PBXContainerItemProxy */;
		};
/* End PBXTargetDependency section */

/* Begin PBXVariantGroup section */
		488B2F8224B761CF004905AA /* Main.storyboard */ = {
			isa = PBXVariantGroup;
			children = (
				488B2F8324B761CF004905AA /* Base */,
			);
			name = Main.storyboard;
			sourceTree = "<group>";
		};
		488B2F8724B761D3004905AA /* LaunchScreen.storyboard */ = {
			isa = PBXVariantGroup;
			children = (
				488B2F8824B761D3004905AA /* Base */,
			);
			name = LaunchScreen.storyboard;
			sourceTree = "<group>";
		};
/* End PBXVariantGroup section */

/* Begin XCBuildConfiguration section */
		488B2F9624B761D3004905AA /* Debug */ = {
			isa = XCBuildConfiguration;
			buildSettings = {
				ALWAYS_SEARCH_USER_PATHS = NO;
				CLANG_ANALYZER_NONNULL = YES;
				CLANG_ANALYZER_NUMBER_OBJECT_CONVERSION = YES_AGGRESSIVE;
				CLANG_CXX_LANGUAGE_STANDARD = "gnu++14";
				CLANG_CXX_LIBRARY = "libc++";
				CLANG_ENABLE_MODULES = YES;
				CLANG_ENABLE_OBJC_ARC = YES;
				CLANG_ENABLE_OBJC_WEAK = YES;
				CLANG_WARN_BLOCK_CAPTURE_AUTORELEASING = YES;
				CLANG_WARN_BOOL_CONVERSION = YES;
				CLANG_WARN_COMMA = YES;
				CLANG_WARN_CONSTANT_CONVERSION = YES;
				CLANG_WARN_DEPRECATED_OBJC_IMPLEMENTATIONS = YES;
				CLANG_WARN_DIRECT_OBJC_ISA_USAGE = YES_ERROR;
				CLANG_WARN_DOCUMENTATION_COMMENTS = YES;
				CLANG_WARN_EMPTY_BODY = YES;
				CLANG_WARN_ENUM_CONVERSION = YES;
				CLANG_WARN_INFINITE_RECURSION = YES;
				CLANG_WARN_INT_CONVERSION = YES;
				CLANG_WARN_NON_LITERAL_NULL_CONVERSION = YES;
				CLANG_WARN_OBJC_IMPLICIT_RETAIN_SELF = YES;
				CLANG_WARN_OBJC_LITERAL_CONVERSION = YES;
				CLANG_WARN_OBJC_ROOT_CLASS = YES_ERROR;
				CLANG_WARN_RANGE_LOOP_ANALYSIS = YES;
				CLANG_WARN_STRICT_PROTOTYPES = YES;
				CLANG_WARN_SUSPICIOUS_MOVE = YES;
				CLANG_WARN_UNGUARDED_AVAILABILITY = YES_AGGRESSIVE;
				CLANG_WARN_UNREACHABLE_CODE = YES;
				CLANG_WARN__DUPLICATE_METHOD_MATCH = YES;
				COPY_PHASE_STRIP = NO;
				DEBUG_INFORMATION_FORMAT = dwarf;
				ENABLE_STRICT_OBJC_MSGSEND = YES;
				ENABLE_TESTABILITY = YES;
				GCC_C_LANGUAGE_STANDARD = gnu11;
				GCC_DYNAMIC_NO_PIC = NO;
				GCC_NO_COMMON_BLOCKS = YES;
				GCC_OPTIMIZATION_LEVEL = 0;
				GCC_PREPROCESSOR_DEFINITIONS = (
					"DEBUG=1",
					"$(inherited)",
				);
				GCC_WARN_64_TO_32_BIT_CONVERSION = YES;
				GCC_WARN_ABOUT_RETURN_TYPE = YES_ERROR;
				GCC_WARN_UNDECLARED_SELECTOR = YES;
				GCC_WARN_UNINITIALIZED_AUTOS = YES_AGGRESSIVE;
				GCC_WARN_UNUSED_FUNCTION = YES;
				GCC_WARN_UNUSED_VARIABLE = YES;
				IPHONEOS_DEPLOYMENT_TARGET = 13.5;
				MTL_ENABLE_DEBUG_INFO = INCLUDE_SOURCE;
				MTL_FAST_MATH = YES;
				ONLY_ACTIVE_ARCH = YES;
				SDKROOT = iphoneos;
				SWIFT_ACTIVE_COMPILATION_CONDITIONS = DEBUG;
				SWIFT_OPTIMIZATION_LEVEL = "-Onone";
			};
			name = Debug;
		};
		488B2F9724B761D3004905AA /* Release */ = {
			isa = XCBuildConfiguration;
			buildSettings = {
				ALWAYS_SEARCH_USER_PATHS = NO;
				CLANG_ANALYZER_NONNULL = YES;
				CLANG_ANALYZER_NUMBER_OBJECT_CONVERSION = YES_AGGRESSIVE;
				CLANG_CXX_LANGUAGE_STANDARD = "gnu++14";
				CLANG_CXX_LIBRARY = "libc++";
				CLANG_ENABLE_MODULES = YES;
				CLANG_ENABLE_OBJC_ARC = YES;
				CLANG_ENABLE_OBJC_WEAK = YES;
				CLANG_WARN_BLOCK_CAPTURE_AUTORELEASING = YES;
				CLANG_WARN_BOOL_CONVERSION = YES;
				CLANG_WARN_COMMA = YES;
				CLANG_WARN_CONSTANT_CONVERSION = YES;
				CLANG_WARN_DEPRECATED_OBJC_IMPLEMENTATIONS = YES;
				CLANG_WARN_DIRECT_OBJC_ISA_USAGE = YES_ERROR;
				CLANG_WARN_DOCUMENTATION_COMMENTS = YES;
				CLANG_WARN_EMPTY_BODY = YES;
				CLANG_WARN_ENUM_CONVERSION = YES;
				CLANG_WARN_INFINITE_RECURSION = YES;
				CLANG_WARN_INT_CONVERSION = YES;
				CLANG_WARN_NON_LITERAL_NULL_CONVERSION = YES;
				CLANG_WARN_OBJC_IMPLICIT_RETAIN_SELF = YES;
				CLANG_WARN_OBJC_LITERAL_CONVERSION = YES;
				CLANG_WARN_OBJC_ROOT_CLASS = YES_ERROR;
				CLANG_WARN_RANGE_LOOP_ANALYSIS = YES;
				CLANG_WARN_STRICT_PROTOTYPES = YES;
				CLANG_WARN_SUSPICIOUS_MOVE = YES;
				CLANG_WARN_UNGUARDED_AVAILABILITY = YES_AGGRESSIVE;
				CLANG_WARN_UNREACHABLE_CODE = YES;
				CLANG_WARN__DUPLICATE_METHOD_MATCH = YES;
				COPY_PHASE_STRIP = NO;
				DEBUG_INFORMATION_FORMAT = "dwarf-with-dsym";
				ENABLE_NS_ASSERTIONS = NO;
				ENABLE_STRICT_OBJC_MSGSEND = YES;
				GCC_C_LANGUAGE_STANDARD = gnu11;
				GCC_NO_COMMON_BLOCKS = YES;
				GCC_WARN_64_TO_32_BIT_CONVERSION = YES;
				GCC_WARN_ABOUT_RETURN_TYPE = YES_ERROR;
				GCC_WARN_UNDECLARED_SELECTOR = YES;
				GCC_WARN_UNINITIALIZED_AUTOS = YES_AGGRESSIVE;
				GCC_WARN_UNUSED_FUNCTION = YES;
				GCC_WARN_UNUSED_VARIABLE = YES;
				IPHONEOS_DEPLOYMENT_TARGET = 13.5;
				MTL_ENABLE_DEBUG_INFO = NO;
				MTL_FAST_MATH = YES;
				SDKROOT = iphoneos;
				SWIFT_COMPILATION_MODE = wholemodule;
				SWIFT_OPTIMIZATION_LEVEL = "-O";
				VALIDATE_PRODUCT = YES;
			};
			name = Release;
		};
		488B2F9924B761D3004905AA /* Debug */ = {
			isa = XCBuildConfiguration;
			buildSettings = {
				ALWAYS_EMBED_SWIFT_STANDARD_LIBRARIES = YES;
				ASSETCATALOG_COMPILER_APPICON_NAME = AppIcon;
				CODE_SIGN_STYLE = Automatic;
				DEVELOPMENT_TEAM = MQLWMW4T3Q;
				INFOPLIST_FILE = RedditPosts/Info.plist;
				LD_RUNPATH_SEARCH_PATHS = (
					"$(inherited)",
					"@executable_path/Frameworks",
				);
				PRODUCT_BUNDLE_IDENTIFIER = com.mmoldes.redditposts.RedditPosts;
				PRODUCT_NAME = "$(TARGET_NAME)";
				SWIFT_VERSION = 5.0;
				TARGETED_DEVICE_FAMILY = "1,2";
			};
			name = Debug;
		};
		488B2F9A24B761D3004905AA /* Release */ = {
			isa = XCBuildConfiguration;
			buildSettings = {
				ALWAYS_EMBED_SWIFT_STANDARD_LIBRARIES = YES;
				ASSETCATALOG_COMPILER_APPICON_NAME = AppIcon;
				CODE_SIGN_STYLE = Automatic;
				DEVELOPMENT_TEAM = MQLWMW4T3Q;
				INFOPLIST_FILE = RedditPosts/Info.plist;
				LD_RUNPATH_SEARCH_PATHS = (
					"$(inherited)",
					"@executable_path/Frameworks",
				);
				PRODUCT_BUNDLE_IDENTIFIER = com.mmoldes.redditposts.RedditPosts;
				PRODUCT_NAME = "$(TARGET_NAME)";
				SWIFT_VERSION = 5.0;
				TARGETED_DEVICE_FAMILY = "1,2";
			};
			name = Release;
		};
		488B2F9C24B761D3004905AA /* Debug */ = {
			isa = XCBuildConfiguration;
			buildSettings = {
				ALWAYS_EMBED_SWIFT_STANDARD_LIBRARIES = YES;
				BUNDLE_LOADER = "$(TEST_HOST)";
				CODE_SIGN_STYLE = Automatic;
				DEVELOPMENT_TEAM = MQLWMW4T3Q;
				INFOPLIST_FILE = RedditPostsTests/Info.plist;
				IPHONEOS_DEPLOYMENT_TARGET = 13.5;
				LD_RUNPATH_SEARCH_PATHS = (
					"$(inherited)",
					"@executable_path/Frameworks",
					"@loader_path/Frameworks",
				);
				PRODUCT_BUNDLE_IDENTIFIER = com.mmoldes.redditposts.RedditPostsTests;
				PRODUCT_NAME = "$(TARGET_NAME)";
				SWIFT_VERSION = 5.0;
				TARGETED_DEVICE_FAMILY = "1,2";
				TEST_HOST = "$(BUILT_PRODUCTS_DIR)/RedditPosts.app/RedditPosts";
			};
			name = Debug;
		};
		488B2F9D24B761D3004905AA /* Release */ = {
			isa = XCBuildConfiguration;
			buildSettings = {
				ALWAYS_EMBED_SWIFT_STANDARD_LIBRARIES = YES;
				BUNDLE_LOADER = "$(TEST_HOST)";
				CODE_SIGN_STYLE = Automatic;
				DEVELOPMENT_TEAM = MQLWMW4T3Q;
				INFOPLIST_FILE = RedditPostsTests/Info.plist;
				IPHONEOS_DEPLOYMENT_TARGET = 13.5;
				LD_RUNPATH_SEARCH_PATHS = (
					"$(inherited)",
					"@executable_path/Frameworks",
					"@loader_path/Frameworks",
				);
				PRODUCT_BUNDLE_IDENTIFIER = com.mmoldes.redditposts.RedditPostsTests;
				PRODUCT_NAME = "$(TARGET_NAME)";
				SWIFT_VERSION = 5.0;
				TARGETED_DEVICE_FAMILY = "1,2";
				TEST_HOST = "$(BUILT_PRODUCTS_DIR)/RedditPosts.app/RedditPosts";
			};
			name = Release;
		};
		488B2FBB24B794FA004905AA /* Debug */ = {
			isa = XCBuildConfiguration;
			buildSettings = {
				CLANG_ENABLE_MODULES = YES;
				CODE_SIGN_STYLE = Automatic;
				CURRENT_PROJECT_VERSION = 1;
				DEFINES_MODULE = YES;
				DEVELOPMENT_TEAM = MQLWMW4T3Q;
				DYLIB_COMPATIBILITY_VERSION = 1;
				DYLIB_CURRENT_VERSION = 1;
				DYLIB_INSTALL_NAME_BASE = "@rpath";
				INFOPLIST_FILE = Models/Info.plist;
				INSTALL_PATH = "$(LOCAL_LIBRARY_DIR)/Frameworks";
				LD_RUNPATH_SEARCH_PATHS = (
					"$(inherited)",
					"@executable_path/Frameworks",
					"@loader_path/Frameworks",
				);
				PRODUCT_BUNDLE_IDENTIFIER = com.mmoldes.redditposts.Models;
				PRODUCT_NAME = "$(TARGET_NAME:c99extidentifier)";
				SKIP_INSTALL = YES;
				SWIFT_OPTIMIZATION_LEVEL = "-Onone";
				SWIFT_VERSION = 5.0;
				TARGETED_DEVICE_FAMILY = "1,2";
				VERSIONING_SYSTEM = "apple-generic";
				VERSION_INFO_PREFIX = "";
			};
			name = Debug;
		};
		488B2FBC24B794FA004905AA /* Release */ = {
			isa = XCBuildConfiguration;
			buildSettings = {
				CLANG_ENABLE_MODULES = YES;
				CODE_SIGN_STYLE = Automatic;
				CURRENT_PROJECT_VERSION = 1;
				DEFINES_MODULE = YES;
				DEVELOPMENT_TEAM = MQLWMW4T3Q;
				DYLIB_COMPATIBILITY_VERSION = 1;
				DYLIB_CURRENT_VERSION = 1;
				DYLIB_INSTALL_NAME_BASE = "@rpath";
				INFOPLIST_FILE = Models/Info.plist;
				INSTALL_PATH = "$(LOCAL_LIBRARY_DIR)/Frameworks";
				LD_RUNPATH_SEARCH_PATHS = (
					"$(inherited)",
					"@executable_path/Frameworks",
					"@loader_path/Frameworks",
				);
				PRODUCT_BUNDLE_IDENTIFIER = com.mmoldes.redditposts.Models;
				PRODUCT_NAME = "$(TARGET_NAME:c99extidentifier)";
				SKIP_INSTALL = YES;
				SWIFT_VERSION = 5.0;
				TARGETED_DEVICE_FAMILY = "1,2";
				VERSIONING_SYSTEM = "apple-generic";
				VERSION_INFO_PREFIX = "";
			};
			name = Release;
		};
		488B2FBF24B794FA004905AA /* Debug */ = {
			isa = XCBuildConfiguration;
			buildSettings = {
				ALWAYS_EMBED_SWIFT_STANDARD_LIBRARIES = YES;
				CODE_SIGN_STYLE = Automatic;
				DEVELOPMENT_TEAM = MQLWMW4T3Q;
				INFOPLIST_FILE = ModelsTests/Info.plist;
				LD_RUNPATH_SEARCH_PATHS = (
					"$(inherited)",
					"@executable_path/Frameworks",
					"@loader_path/Frameworks",
				);
				PRODUCT_BUNDLE_IDENTIFIER = com.mmoldes.redditposts.ModelsTests;
				PRODUCT_NAME = "$(TARGET_NAME)";
				SWIFT_VERSION = 5.0;
				TARGETED_DEVICE_FAMILY = "1,2";
				TEST_HOST = "$(BUILT_PRODUCTS_DIR)/RedditPosts.app/RedditPosts";
			};
			name = Debug;
		};
		488B2FC024B794FA004905AA /* Release */ = {
			isa = XCBuildConfiguration;
			buildSettings = {
				ALWAYS_EMBED_SWIFT_STANDARD_LIBRARIES = YES;
				CODE_SIGN_STYLE = Automatic;
				DEVELOPMENT_TEAM = MQLWMW4T3Q;
				INFOPLIST_FILE = ModelsTests/Info.plist;
				LD_RUNPATH_SEARCH_PATHS = (
					"$(inherited)",
					"@executable_path/Frameworks",
					"@loader_path/Frameworks",
				);
				PRODUCT_BUNDLE_IDENTIFIER = com.mmoldes.redditposts.ModelsTests;
				PRODUCT_NAME = "$(TARGET_NAME)";
				SWIFT_VERSION = 5.0;
				TARGETED_DEVICE_FAMILY = "1,2";
				TEST_HOST = "$(BUILT_PRODUCTS_DIR)/RedditPosts.app/RedditPosts";
			};
			name = Release;
		};
		488B2FD024B7950F004905AA /* Debug */ = {
			isa = XCBuildConfiguration;
			buildSettings = {
				CLANG_ENABLE_MODULES = YES;
				CODE_SIGN_STYLE = Automatic;
				CURRENT_PROJECT_VERSION = 1;
				DEFINES_MODULE = YES;
				DEVELOPMENT_TEAM = MQLWMW4T3Q;
				DYLIB_COMPATIBILITY_VERSION = 1;
				DYLIB_CURRENT_VERSION = 1;
				DYLIB_INSTALL_NAME_BASE = "@rpath";
				INFOPLIST_FILE = ModelsInterfaces/Info.plist;
				INSTALL_PATH = "$(LOCAL_LIBRARY_DIR)/Frameworks";
				LD_RUNPATH_SEARCH_PATHS = (
					"$(inherited)",
					"@executable_path/Frameworks",
					"@loader_path/Frameworks",
				);
				PRODUCT_BUNDLE_IDENTIFIER = com.mmoldes.redditposts.ModelsInterfaces;
				PRODUCT_NAME = "$(TARGET_NAME:c99extidentifier)";
				SKIP_INSTALL = YES;
				SWIFT_OPTIMIZATION_LEVEL = "-Onone";
				SWIFT_VERSION = 5.0;
				TARGETED_DEVICE_FAMILY = "1,2";
				VERSIONING_SYSTEM = "apple-generic";
				VERSION_INFO_PREFIX = "";
			};
			name = Debug;
		};
		488B2FD124B7950F004905AA /* Release */ = {
			isa = XCBuildConfiguration;
			buildSettings = {
				CLANG_ENABLE_MODULES = YES;
				CODE_SIGN_STYLE = Automatic;
				CURRENT_PROJECT_VERSION = 1;
				DEFINES_MODULE = YES;
				DEVELOPMENT_TEAM = MQLWMW4T3Q;
				DYLIB_COMPATIBILITY_VERSION = 1;
				DYLIB_CURRENT_VERSION = 1;
				DYLIB_INSTALL_NAME_BASE = "@rpath";
				INFOPLIST_FILE = ModelsInterfaces/Info.plist;
				INSTALL_PATH = "$(LOCAL_LIBRARY_DIR)/Frameworks";
				LD_RUNPATH_SEARCH_PATHS = (
					"$(inherited)",
					"@executable_path/Frameworks",
					"@loader_path/Frameworks",
				);
				PRODUCT_BUNDLE_IDENTIFIER = com.mmoldes.redditposts.ModelsInterfaces;
				PRODUCT_NAME = "$(TARGET_NAME:c99extidentifier)";
				SKIP_INSTALL = YES;
				SWIFT_VERSION = 5.0;
				TARGETED_DEVICE_FAMILY = "1,2";
				VERSIONING_SYSTEM = "apple-generic";
				VERSION_INFO_PREFIX = "";
			};
			name = Release;
		};
		488B2FEB24B79C6E004905AA /* Debug */ = {
			isa = XCBuildConfiguration;
			buildSettings = {
				CLANG_ENABLE_MODULES = YES;
				CODE_SIGN_STYLE = Automatic;
				CURRENT_PROJECT_VERSION = 1;
				DEFINES_MODULE = YES;
				DEVELOPMENT_TEAM = MQLWMW4T3Q;
				DYLIB_COMPATIBILITY_VERSION = 1;
				DYLIB_CURRENT_VERSION = 1;
				DYLIB_INSTALL_NAME_BASE = "@rpath";
				INFOPLIST_FILE = Services/Info.plist;
				INSTALL_PATH = "$(LOCAL_LIBRARY_DIR)/Frameworks";
				LD_RUNPATH_SEARCH_PATHS = (
					"$(inherited)",
					"@executable_path/Frameworks",
					"@loader_path/Frameworks",
				);
				PRODUCT_BUNDLE_IDENTIFIER = com.mmoldes.redditposts.Services;
				PRODUCT_NAME = "$(TARGET_NAME:c99extidentifier)";
				SKIP_INSTALL = YES;
				SWIFT_OPTIMIZATION_LEVEL = "-Onone";
				SWIFT_VERSION = 5.0;
				TARGETED_DEVICE_FAMILY = "1,2";
				VERSIONING_SYSTEM = "apple-generic";
				VERSION_INFO_PREFIX = "";
			};
			name = Debug;
		};
		488B2FEC24B79C6E004905AA /* Release */ = {
			isa = XCBuildConfiguration;
			buildSettings = {
				CLANG_ENABLE_MODULES = YES;
				CODE_SIGN_STYLE = Automatic;
				CURRENT_PROJECT_VERSION = 1;
				DEFINES_MODULE = YES;
				DEVELOPMENT_TEAM = MQLWMW4T3Q;
				DYLIB_COMPATIBILITY_VERSION = 1;
				DYLIB_CURRENT_VERSION = 1;
				DYLIB_INSTALL_NAME_BASE = "@rpath";
				INFOPLIST_FILE = Services/Info.plist;
				INSTALL_PATH = "$(LOCAL_LIBRARY_DIR)/Frameworks";
				LD_RUNPATH_SEARCH_PATHS = (
					"$(inherited)",
					"@executable_path/Frameworks",
					"@loader_path/Frameworks",
				);
				PRODUCT_BUNDLE_IDENTIFIER = com.mmoldes.redditposts.Services;
				PRODUCT_NAME = "$(TARGET_NAME:c99extidentifier)";
				SKIP_INSTALL = YES;
				SWIFT_VERSION = 5.0;
				TARGETED_DEVICE_FAMILY = "1,2";
				VERSIONING_SYSTEM = "apple-generic";
				VERSION_INFO_PREFIX = "";
			};
			name = Release;
		};
		488B2FFC24B79C78004905AA /* Debug */ = {
			isa = XCBuildConfiguration;
			buildSettings = {
				CLANG_ENABLE_MODULES = YES;
				CODE_SIGN_STYLE = Automatic;
				CURRENT_PROJECT_VERSION = 1;
				DEFINES_MODULE = YES;
				DEVELOPMENT_TEAM = MQLWMW4T3Q;
				DYLIB_COMPATIBILITY_VERSION = 1;
				DYLIB_CURRENT_VERSION = 1;
				DYLIB_INSTALL_NAME_BASE = "@rpath";
				INFOPLIST_FILE = ServicesInterfaces/Info.plist;
				INSTALL_PATH = "$(LOCAL_LIBRARY_DIR)/Frameworks";
				LD_RUNPATH_SEARCH_PATHS = (
					"$(inherited)",
					"@executable_path/Frameworks",
					"@loader_path/Frameworks",
				);
				PRODUCT_BUNDLE_IDENTIFIER = com.mmoldes.redditposts.ServicesInterfaces;
				PRODUCT_NAME = "$(TARGET_NAME:c99extidentifier)";
				SKIP_INSTALL = YES;
				SWIFT_OPTIMIZATION_LEVEL = "-Onone";
				SWIFT_VERSION = 5.0;
				TARGETED_DEVICE_FAMILY = "1,2";
				VERSIONING_SYSTEM = "apple-generic";
				VERSION_INFO_PREFIX = "";
			};
			name = Debug;
		};
		488B2FFD24B79C78004905AA /* Release */ = {
			isa = XCBuildConfiguration;
			buildSettings = {
				CLANG_ENABLE_MODULES = YES;
				CODE_SIGN_STYLE = Automatic;
				CURRENT_PROJECT_VERSION = 1;
				DEFINES_MODULE = YES;
				DEVELOPMENT_TEAM = MQLWMW4T3Q;
				DYLIB_COMPATIBILITY_VERSION = 1;
				DYLIB_CURRENT_VERSION = 1;
				DYLIB_INSTALL_NAME_BASE = "@rpath";
				INFOPLIST_FILE = ServicesInterfaces/Info.plist;
				INSTALL_PATH = "$(LOCAL_LIBRARY_DIR)/Frameworks";
				LD_RUNPATH_SEARCH_PATHS = (
					"$(inherited)",
					"@executable_path/Frameworks",
					"@loader_path/Frameworks",
				);
				PRODUCT_BUNDLE_IDENTIFIER = com.mmoldes.redditposts.ServicesInterfaces;
				PRODUCT_NAME = "$(TARGET_NAME:c99extidentifier)";
				SKIP_INSTALL = YES;
				SWIFT_VERSION = 5.0;
				TARGETED_DEVICE_FAMILY = "1,2";
				VERSIONING_SYSTEM = "apple-generic";
				VERSION_INFO_PREFIX = "";
			};
			name = Release;
		};
		488B301624B7C0A5004905AA /* Debug */ = {
			isa = XCBuildConfiguration;
			buildSettings = {
				CODE_SIGN_STYLE = Automatic;
				DEVELOPMENT_TEAM = MQLWMW4T3Q;
				INFOPLIST_FILE = ServicesTests/Info.plist;
				LD_RUNPATH_SEARCH_PATHS = (
					"$(inherited)",
					"@executable_path/Frameworks",
					"@loader_path/Frameworks",
				);
				PRODUCT_BUNDLE_IDENTIFIER = com.mmoldes.redditposts.ServicesTests;
				PRODUCT_NAME = "$(TARGET_NAME)";
				SWIFT_VERSION = 5.0;
				TARGETED_DEVICE_FAMILY = "1,2";
			};
			name = Debug;
		};
		488B301724B7C0A5004905AA /* Release */ = {
			isa = XCBuildConfiguration;
			buildSettings = {
				CODE_SIGN_STYLE = Automatic;
				DEVELOPMENT_TEAM = MQLWMW4T3Q;
				INFOPLIST_FILE = ServicesTests/Info.plist;
				LD_RUNPATH_SEARCH_PATHS = (
					"$(inherited)",
					"@executable_path/Frameworks",
					"@loader_path/Frameworks",
				);
				PRODUCT_BUNDLE_IDENTIFIER = com.mmoldes.redditposts.ServicesTests;
				PRODUCT_NAME = "$(TARGET_NAME)";
				SWIFT_VERSION = 5.0;
				TARGETED_DEVICE_FAMILY = "1,2";
			};
			name = Release;
		};
/* End XCBuildConfiguration section */

/* Begin XCConfigurationList section */
		488B2F7424B761CF004905AA /* Build configuration list for PBXProject "RedditPosts" */ = {
			isa = XCConfigurationList;
			buildConfigurations = (
				488B2F9624B761D3004905AA /* Debug */,
				488B2F9724B761D3004905AA /* Release */,
			);
			defaultConfigurationIsVisible = 0;
			defaultConfigurationName = Release;
		};
		488B2F9824B761D3004905AA /* Build configuration list for PBXNativeTarget "RedditPosts" */ = {
			isa = XCConfigurationList;
			buildConfigurations = (
				488B2F9924B761D3004905AA /* Debug */,
				488B2F9A24B761D3004905AA /* Release */,
			);
			defaultConfigurationIsVisible = 0;
			defaultConfigurationName = Release;
		};
		488B2F9B24B761D3004905AA /* Build configuration list for PBXNativeTarget "RedditPostsTests" */ = {
			isa = XCConfigurationList;
			buildConfigurations = (
				488B2F9C24B761D3004905AA /* Debug */,
				488B2F9D24B761D3004905AA /* Release */,
			);
			defaultConfigurationIsVisible = 0;
			defaultConfigurationName = Release;
		};
		488B2FBA24B794FA004905AA /* Build configuration list for PBXNativeTarget "Models" */ = {
			isa = XCConfigurationList;
			buildConfigurations = (
				488B2FBB24B794FA004905AA /* Debug */,
				488B2FBC24B794FA004905AA /* Release */,
			);
			defaultConfigurationIsVisible = 0;
			defaultConfigurationName = Release;
		};
		488B2FBE24B794FA004905AA /* Build configuration list for PBXNativeTarget "ModelsTests" */ = {
			isa = XCConfigurationList;
			buildConfigurations = (
				488B2FBF24B794FA004905AA /* Debug */,
				488B2FC024B794FA004905AA /* Release */,
			);
			defaultConfigurationIsVisible = 0;
			defaultConfigurationName = Release;
		};
		488B2FCF24B7950F004905AA /* Build configuration list for PBXNativeTarget "ModelsInterfaces" */ = {
			isa = XCConfigurationList;
			buildConfigurations = (
				488B2FD024B7950F004905AA /* Debug */,
				488B2FD124B7950F004905AA /* Release */,
			);
			defaultConfigurationIsVisible = 0;
			defaultConfigurationName = Release;
		};
		488B2FEA24B79C6E004905AA /* Build configuration list for PBXNativeTarget "Services" */ = {
			isa = XCConfigurationList;
			buildConfigurations = (
				488B2FEB24B79C6E004905AA /* Debug */,
				488B2FEC24B79C6E004905AA /* Release */,
			);
			defaultConfigurationIsVisible = 0;
			defaultConfigurationName = Release;
		};
		488B2FFB24B79C78004905AA /* Build configuration list for PBXNativeTarget "ServicesInterfaces" */ = {
			isa = XCConfigurationList;
			buildConfigurations = (
				488B2FFC24B79C78004905AA /* Debug */,
				488B2FFD24B79C78004905AA /* Release */,
			);
			defaultConfigurationIsVisible = 0;
			defaultConfigurationName = Release;
		};
		488B301524B7C0A5004905AA /* Build configuration list for PBXNativeTarget "ServicesTests" */ = {
			isa = XCConfigurationList;
			buildConfigurations = (
				488B301624B7C0A5004905AA /* Debug */,
				488B301724B7C0A5004905AA /* Release */,
			);
			defaultConfigurationIsVisible = 0;
			defaultConfigurationName = Release;
		};
/* End XCConfigurationList section */
	};
	rootObject = 488B2F7124B761CF004905AA /* Project object */;
}
